{
    'lockfile-version': 1,
    'manifest': {
        'version': 1,
        'install': {
            'pre-commit': {'pkg-path': 'pre-commit'},
            'python3': {'pkg-path': 'python3', 'version': '>=3.10'},
            'ruff': {'pkg-path': 'ruff'},
        },
        'hook': {
            'on-activate': '  # Autogenerated by Flox\n\n  # Setup a Python virtual environment\n\n  export PYTHON_DIR="$FLOX_ENV_CACHE/python"\n  if [ ! -d "$PYTHON_DIR" ]; then\n    echo "Creating python virtual environment in $PYTHON_DIR"\n    python -m venv "$PYTHON_DIR"\n  fi\n\n  # Quietly activate venv and install packages in a subshell so\n  # that the venv can be freshly activated in the profile section.\n  (\n    source "$PYTHON_DIR/bin/activate"\n    # install the dependencies for this project based on pyproject.toml\n    # <https://pip.pypa.io/en/stable/cli/pip_install/>\n    pip install -e . --quiet\n  )\n\n  # End autogenerated by Flox\n'
        },
        'profile': {
            'bash': '  # Autogenerated by Flox\n\n  echo "Activating python virtual environment" >&2\n  source "$PYTHON_DIR/bin/activate"\n\n  # End autogenerated by Flox\n',
            'zsh': '  # Autogenerated by Flox\n\n  echo "Activating python virtual environment" >&2\n  source "$PYTHON_DIR/bin/activate"\n\n  # End autogenerated by Flox\n',
            'fish': '  # Autogenerated by Flox\n\n  echo "Activating python virtual environment" >&2\n  source "$PYTHON_DIR/bin/activate.fish"\n\n  # End autogenerated by Flox\n',
            'tcsh': '  # Autogenerated by Flox\n\n  echo "Activating python virtual environment" >&2\n  source "$PYTHON_DIR/bin/activate.csh"\n\n  # End autogenerated by Flox\n',
        },
        'options': {
            'systems': ['aarch64-darwin', 'aarch64-linux', 'x86_64-darwin', 'x86_64-linux'],
            'allow': {'licenses': []},
            'semver': {},
        },
    },
    'packages': [
        {
            'attr_path': 'pre-commit',
            'broken': false,
            'derivation': '/nix/store/s3bksnd5y2r95x16xqykbkhkfy70w6r2-pre-commit-4.0.1.drv',
            'description': 'Framework for managing and maintaining multi-language pre-commit hooks',
            'install_id': 'pre-commit',
            'license': 'MIT',
            'locked_url': 'https://github.com/flox/nixpkgs?rev=d89fc19e405cb2d55ce7cc114356846a0ee5e956',
            'name': 'pre-commit-4.0.1',
            'pname': 'pre-commit',
            'rev': 'd89fc19e405cb2d55ce7cc114356846a0ee5e956',
            'rev_count': 797896,
            'rev_date': '2025-05-10T19:10:37Z',
            'scrape_date': '2025-05-13T04:25:24.989303Z',
            'stabilities': ['unstable'],
            'unfree': false,
            'version': '4.0.1',
            'outputs_to_install': ['out'],
            'outputs': {
                'dist': '/nix/store/pniqd7vykf65f86sp8v467p9sylj81lv-pre-commit-4.0.1-dist',
                'out': '/nix/store/2ksz42abi49gf3vsb0ga48rah4024pxz-pre-commit-4.0.1',
            },
            'system': 'aarch64-darwin',
            'group': 'toplevel',
            'priority': 5,
        },
        {
            'attr_path': 'pre-commit',
            'broken': false,
            'derivation': '/nix/store/v83hp08hy2zrqkyzz4c862dh2snn57vq-pre-commit-4.0.1.drv',
            'description': 'Framework for managing and maintaining multi-language pre-commit hooks',
            'install_id': 'pre-commit',
            'license': 'MIT',
            'locked_url': 'https://github.com/flox/nixpkgs?rev=d89fc19e405cb2d55ce7cc114356846a0ee5e956',
            'name': 'pre-commit-4.0.1',
            'pname': 'pre-commit',
            'rev': 'd89fc19e405cb2d55ce7cc114356846a0ee5e956',
            'rev_count': 797896,
            'rev_date': '2025-05-10T19:10:37Z',
            'scrape_date': '2025-05-13T04:48:28.292382Z',
            'stabilities': ['unstable'],
            'unfree': false,
            'version': '4.0.1',
            'outputs_to_install': ['out'],
            'outputs': {
                'dist': '/nix/store/hs6q88mzrg7ahs0q8zrpzdhcjx3q7hby-pre-commit-4.0.1-dist',
                'out': '/nix/store/ncrrahxiwhhbfhlahhchn4vjjbbx2bki-pre-commit-4.0.1',
            },
            'system': 'aarch64-linux',
            'group': 'toplevel',
            'priority': 5,
        },
        {
            'attr_path': 'pre-commit',
            'broken': false,
            'derivation': '/nix/store/dagb0gwg73zz92dmrl71badfj6g7f9s7-pre-commit-4.0.1.drv',
            'description': 'Framework for managing and maintaining multi-language pre-commit hooks',
            'install_id': 'pre-commit',
            'license': 'MIT',
            'locked_url': 'https://github.com/flox/nixpkgs?rev=d89fc19e405cb2d55ce7cc114356846a0ee5e956',
            'name': 'pre-commit-4.0.1',
            'pname': 'pre-commit',
            'rev': 'd89fc19e405cb2d55ce7cc114356846a0ee5e956',
            'rev_count': 797896,
            'rev_date': '2025-05-10T19:10:37Z',
            'scrape_date': '2025-05-13T05:08:19.776274Z',
            'stabilities': ['unstable'],
            'unfree': false,
            'version': '4.0.1',
            'outputs_to_install': ['out'],
            'outputs': {
                'dist': '/nix/store/afkkcb5y82l2ccdy70n4d2y7zrmpzkmw-pre-commit-4.0.1-dist',
                'out': '/nix/store/hs34l5h2wqd4qkx8v94082y4qy6kaz4b-pre-commit-4.0.1',
            },
            'system': 'x86_64-darwin',
            'group': 'toplevel',
            'priority': 5,
        },
        {
            'attr_path': 'pre-commit',
            'broken': false,
            'derivation': '/nix/store/v3vxc9fvzj4gani0qmr64s72kwn8zbac-pre-commit-4.0.1.drv',
            'description': 'Framework for managing and maintaining multi-language pre-commit hooks',
            'install_id': 'pre-commit',
            'license': 'MIT',
            'locked_url': 'https://github.com/flox/nixpkgs?rev=d89fc19e405cb2d55ce7cc114356846a0ee5e956',
            'name': 'pre-commit-4.0.1',
            'pname': 'pre-commit',
            'rev': 'd89fc19e405cb2d55ce7cc114356846a0ee5e956',
            'rev_count': 797896,
            'rev_date': '2025-05-10T19:10:37Z',
            'scrape_date': '2025-05-13T05:34:42.583607Z',
            'stabilities': ['unstable'],
            'unfree': false,
            'version': '4.0.1',
            'outputs_to_install': ['out'],
            'outputs': {
                'dist': '/nix/store/xaxz96ykrhz5rw55p9i5qvykd06zz285-pre-commit-4.0.1-dist',
                'out': '/nix/store/8y3rszv7dpch6l6hbixfhmdwmki75mqq-pre-commit-4.0.1',
            },
            'system': 'x86_64-linux',
            'group': 'toplevel',
            'priority': 5,
        },
        {
            'attr_path': 'python3',
            'broken': false,
            'derivation': '/nix/store/3x37mwdjllp6yrbj1xrxz0va7x30yamb-python3-3.12.10.drv',
            'description': 'High-level dynamically-typed programming language',
            'install_id': 'python3',
            'license': 'Python-2.0',
            'locked_url': 'https://github.com/flox/nixpkgs?rev=d89fc19e405cb2d55ce7cc114356846a0ee5e956',
            'name': 'python3-3.12.10',
            'pname': 'python3',
            'rev': 'd89fc19e405cb2d55ce7cc114356846a0ee5e956',
            'rev_count': 797896,
            'rev_date': '2025-05-10T19:10:37Z',
            'scrape_date': '2025-05-13T04:25:25.278882Z',
            'stabilities': ['unstable'],
            'unfree': false,
            'version': '3.12.10',
            'outputs_to_install': ['out'],
            'outputs': {'out': '/nix/store/vfdk6q81hdjqjfiqz8f92hibdck3kmn6-python3-3.12.10'},
            'system': 'aarch64-darwin',
            'group': 'toplevel',
            'priority': 5,
        },
        {
            'attr_path': 'python3',
            'broken': false,
            'derivation': '/nix/store/gi0807cssb19h0b9qspxl0bj77schyyq-python3-3.12.10.drv',
            'description': 'High-level dynamically-typed programming language',
            'install_id': 'python3',
            'license': 'Python-2.0',
            'locked_url': 'https://github.com/flox/nixpkgs?rev=d89fc19e405cb2d55ce7cc114356846a0ee5e956',
            'name': 'python3-3.12.10',
            'pname': 'python3',
            'rev': 'd89fc19e405cb2d55ce7cc114356846a0ee5e956',
            'rev_count': 797896,
            'rev_date': '2025-05-10T19:10:37Z',
            'scrape_date': '2025-05-13T04:48:28.859147Z',
            'stabilities': ['unstable'],
            'unfree': false,
            'version': '3.12.10',
            'outputs_to_install': ['out'],
            'outputs': {
                'debug': '/nix/store/m46lakqznizbkk9byf32320994x2s8sg-python3-3.12.10-debug',
                'out': '/nix/store/gbml27jdc722w5srjw6mw28v08wi0xbf-python3-3.12.10',
            },
            'system': 'aarch64-linux',
            'group': 'toplevel',
            'priority': 5,
        },
        {
            'attr_path': 'python3',
            'broken': false,
            'derivation': '/nix/store/8vfp1d11i5izsk9yc7yd1d9ymkpff01z-python3-3.12.10.drv',
            'description': 'High-level dynamically-typed programming language',
            'install_id': 'python3',
            'license': 'Python-2.0',
            'locked_url': 'https://github.com/flox/nixpkgs?rev=d89fc19e405cb2d55ce7cc114356846a0ee5e956',
            'name': 'python3-3.12.10',
            'pname': 'python3',
            'rev': 'd89fc19e405cb2d55ce7cc114356846a0ee5e956',
            'rev_count': 797896,
            'rev_date': '2025-05-10T19:10:37Z',
            'scrape_date': '2025-05-13T05:08:20.069052Z',
            'stabilities': ['unstable'],
            'unfree': false,
            'version': '3.12.10',
            'outputs_to_install': ['out'],
            'outputs': {'out': '/nix/store/ixbf5xsmxbscjhb8j84slnfa23p2cq00-python3-3.12.10'},
            'system': 'x86_64-darwin',
            'group': 'toplevel',
            'priority': 5,
        },
        {
            'attr_path': 'python3',
            'broken': false,
            'derivation': '/nix/store/6aywhjhky7j7h1fp8pj3z8dqy4aiggsq-python3-3.12.10.drv',
            'description': 'High-level dynamically-typed programming language',
            'install_id': 'python3',
            'license': 'Python-2.0',
            'locked_url': 'https://github.com/flox/nixpkgs?rev=d89fc19e405cb2d55ce7cc114356846a0ee5e956',
            'name': 'python3-3.12.10',
            'pname': 'python3',
            'rev': 'd89fc19e405cb2d55ce7cc114356846a0ee5e956',
            'rev_count': 797896,
            'rev_date': '2025-05-10T19:10:37Z',
            'scrape_date': '2025-05-13T05:34:43.199195Z',
            'stabilities': ['unstable'],
            'unfree': false,
            'version': '3.12.10',
            'outputs_to_install': ['out'],
            'outputs': {
                'debug': '/nix/store/rn34clh8kms8n4vwavyca0ls9l90j8d1-python3-3.12.10-debug',
                'out': '/nix/store/kjvgj2n3yn70hmjifg6y0bk9m4rf7jba-python3-3.12.10',
            },
            'system': 'x86_64-linux',
            'group': 'toplevel',
            'priority': 5,
        },
        {
            'attr_path': 'ruff',
            'broken': false,
            'derivation': '/nix/store/7xi4di1as445ck6kil0rr6zsj812fc36-ruff-0.11.8.drv',
            'description': 'Extremely fast Python linter and code formatter',
            'install_id': 'ruff',
            'license': 'MIT',
            'locked_url': 'https://github.com/flox/nixpkgs?rev=d89fc19e405cb2d55ce7cc114356846a0ee5e956',
            'name': 'ruff-0.11.8',
            'pname': 'ruff',
            'rev': 'd89fc19e405cb2d55ce7cc114356846a0ee5e956',
            'rev_count': 797896,
            'rev_date': '2025-05-10T19:10:37Z',
            'scrape_date': '2025-05-13T04:25:48.211589Z',
            'stabilities': ['unstable'],
            'unfree': false,
            'version': '0.11.8',
            'outputs_to_install': ['out'],
            'outputs': {'out': '/nix/store/6kc2k5kvag68sd3n8i57bvcq8k0g3ygj-ruff-0.11.8'},
            'system': 'aarch64-darwin',
            'group': 'toplevel',
            'priority': 5,
        },
        {
            'attr_path': 'ruff',
            'broken': false,
            'derivation': '/nix/store/cksx42y3vb2frffvxq9aqc0lfvsa60a5-ruff-0.11.8.drv',
            'description': 'Extremely fast Python linter and code formatter',
            'install_id': 'ruff',
            'license': 'MIT',
            'locked_url': 'https://github.com/flox/nixpkgs?rev=d89fc19e405cb2d55ce7cc114356846a0ee5e956',
            'name': 'ruff-0.11.8',
            'pname': 'ruff',
            'rev': 'd89fc19e405cb2d55ce7cc114356846a0ee5e956',
            'rev_count': 797896,
            'rev_date': '2025-05-10T19:10:37Z',
            'scrape_date': '2025-05-13T04:49:02.602444Z',
            'stabilities': ['unstable'],
            'unfree': false,
            'version': '0.11.8',
            'outputs_to_install': ['out'],
            'outputs': {'out': '/nix/store/l5rcgzyrzi65454k5rf4xf8j19cr5524-ruff-0.11.8'},
            'system': 'aarch64-linux',
            'group': 'toplevel',
            'priority': 5,
        },
        {
            'attr_path': 'ruff',
            'broken': false,
            'derivation': '/nix/store/fp9bcjfva2pgqvwqw44bikf78ylg9rvr-ruff-0.11.8.drv',
            'description': 'Extremely fast Python linter and code formatter',
            'install_id': 'ruff',
            'license': 'MIT',
            'locked_url': 'https://github.com/flox/nixpkgs?rev=d89fc19e405cb2d55ce7cc114356846a0ee5e956',
            'name': 'ruff-0.11.8',
            'pname': 'ruff',
            'rev': 'd89fc19e405cb2d55ce7cc114356846a0ee5e956',
            'rev_count': 797896,
            'rev_date': '2025-05-10T19:10:37Z',
            'scrape_date': '2025-05-13T05:08:42.886657Z',
            'stabilities': ['unstable'],
            'unfree': false,
            'version': '0.11.8',
            'outputs_to_install': ['out'],
            'outputs': {'out': '/nix/store/d6ya2f8ssapqy5gwl06n3ikcfl4ww1pf-ruff-0.11.8'},
            'system': 'x86_64-darwin',
            'group': 'toplevel',
            'priority': 5,
        },
        {
            'attr_path': 'ruff',
            'broken': false,
            'derivation': '/nix/store/3nw0m8203pwl3z9jq48w8168w4jrgws3-ruff-0.11.8.drv',
            'description': 'Extremely fast Python linter and code formatter',
            'install_id': 'ruff',
            'license': 'MIT',
            'locked_url': 'https://github.com/flox/nixpkgs?rev=d89fc19e405cb2d55ce7cc114356846a0ee5e956',
            'name': 'ruff-0.11.8',
            'pname': 'ruff',
            'rev': 'd89fc19e405cb2d55ce7cc114356846a0ee5e956',
            'rev_count': 797896,
            'rev_date': '2025-05-10T19:10:37Z',
            'scrape_date': '2025-05-13T05:35:19.052923Z',
            'stabilities': ['unstable'],
            'unfree': false,
            'version': '0.11.8',
            'outputs_to_install': ['out'],
            'outputs': {'out': '/nix/store/8wb0brfxm0l78zq0nnyqgnv6p1waap41-ruff-0.11.8'},
            'system': 'x86_64-linux',
            'group': 'toplevel',
            'priority': 5,
        },
    ],
}
