{
  "lockfile-version": 1,
  "manifest": {
    "version": 1,
    "install": {
      "gcc-unwrapped": {
        "pkg-path": "gcc-unwrapped"
      },
      "libpq": {
        "pkg-path": "libpq"
      },
      "podman-compose": {
        "pkg-path": "podman-compose"
      },
      "pre-commit": {
        "pkg-path": "pre-commit"
      },
      "python3": {
        "pkg-path": "python3",
        "version": ">=3.10"
      }
    },
    "hook": {
      "on-activate": "  # Autogenerated by Flox\n\n  # Setup a Python virtual environment\n\n  export PYTHON_DIR=\"$FLOX_ENV_CACHE/python\"\n  if [ ! -d \"$PYTHON_DIR\" ]; then\n    echo \"Creating python virtual environment in $PYTHON_DIR\"\n    python -m venv \"$PYTHON_DIR\"\n  fi\n\n  # Quietly activate venv and install packages in a subshell so\n  # that the venv can be freshly activated in the profile section.\n  (\n    source \"$PYTHON_DIR/bin/activate\"\n    # install the dependencies for this project based on pyproject.toml\n    # <https://pip.pypa.io/en/stable/cli/pip_install/>\n    pip install -e . --quiet\n  )\n\n  # End autogenerated by Flox\n"
    },
    "profile": {
      "bash": "  # Autogenerated by Flox\n\n  echo \"Activating python virtual environment\" >&2\n  source \"$PYTHON_DIR/bin/activate\"\n\n  # End autogenerated by Flox\n",
      "zsh": "  # Autogenerated by Flox\n\n  echo \"Activating python virtual environment\" >&2\n  source \"$PYTHON_DIR/bin/activate\"\n\n  # End autogenerated by Flox\n",
      "fish": "  # Autogenerated by Flox\n\n  echo \"Activating python virtual environment\" >&2\n  source \"$PYTHON_DIR/bin/activate.fish\"\n\n  # End autogenerated by Flox\n",
      "tcsh": "  # Autogenerated by Flox\n\n  echo \"Activating python virtual environment\" >&2\n  source \"$PYTHON_DIR/bin/activate.csh\"\n\n  # End autogenerated by Flox\n"
    },
    "options": {
      "systems": [
        "aarch64-linux",
        "x86_64-linux"
      ]
    }
  },
  "packages": [
    {
      "attr_path": "gcc-unwrapped",
      "broken": false,
      "derivation": "/nix/store/wxgzhk69shlv9cmlxml40l0gw3rpick0-gcc-14.2.1.20250322.drv",
      "description": "GNU Compiler Collection, version 14.2.1.20250322",
      "install_id": "gcc-unwrapped",
      "license": "GPL-3.0-or-later",
      "locked_url": "https://github.com/flox/nixpkgs?rev=d3d2d80a2191a73d1e86456a751b83aa13085d7d",
      "name": "gcc-14.2.1.20250322",
      "pname": "gcc-unwrapped",
      "rev": "d3d2d80a2191a73d1e86456a751b83aa13085d7d",
      "rev_count": 811203,
      "rev_date": "2025-06-05T17:19:09Z",
      "scrape_date": "2025-06-07T04:48:55.270086Z",
      "stabilities": [
        "unstable"
      ],
      "unfree": false,
      "version": "14.2.1.20250322",
      "outputs_to_install": [
        "man",
        "out"
      ],
      "outputs": {
        "checksum": "/nix/store/gxpll86s5fyldrb3l7wv3vqw9nrwgrn1-gcc-14.2.1.20250322-checksum",
        "info": "/nix/store/c64pc5rzpqkc8yyfqn5jh4n0bhiz3mvx-gcc-14.2.1.20250322-info",
        "lib": "/nix/store/gd2iijcd4yaglkmkz3csbbvg81nd3k7x-gcc-14.2.1.20250322-lib",
        "libgcc": "/nix/store/cbq7lhd043rwg76bjkxwgx0qixiqbwjw-gcc-14.2.1.20250322-libgcc",
        "man": "/nix/store/3z80xkqynn17j9cai1vqia7l986dl6a1-gcc-14.2.1.20250322-man",
        "out": "/nix/store/nnsfrpjjdfj1g8ydgv6g4lxhlxkqwalb-gcc-14.2.1.20250322"
      },
      "system": "aarch64-linux",
      "group": "toplevel",
      "priority": 5
    },
    {
      "attr_path": "gcc-unwrapped",
      "broken": false,
      "derivation": "/nix/store/sjzbql9ja7p7c08ziagba11cnvj6lsz9-gcc-14.2.1.20250322.drv",
      "description": "GNU Compiler Collection, version 14.2.1.20250322",
      "install_id": "gcc-unwrapped",
      "license": "GPL-3.0-or-later",
      "locked_url": "https://github.com/flox/nixpkgs?rev=d3d2d80a2191a73d1e86456a751b83aa13085d7d",
      "name": "gcc-14.2.1.20250322",
      "pname": "gcc-unwrapped",
      "rev": "d3d2d80a2191a73d1e86456a751b83aa13085d7d",
      "rev_count": 811203,
      "rev_date": "2025-06-05T17:19:09Z",
      "scrape_date": "2025-06-07T05:31:55.531813Z",
      "stabilities": [
        "unstable"
      ],
      "unfree": false,
      "version": "14.2.1.20250322",
      "outputs_to_install": [
        "man",
        "out"
      ],
      "outputs": {
        "checksum": "/nix/store/kbv0w3gnsksxagjx72l244cynfsiir62-gcc-14.2.1.20250322-checksum",
        "info": "/nix/store/mq3fyynvvg5s86icqdi6j57074svhgzl-gcc-14.2.1.20250322-info",
        "lib": "/nix/store/7c0v0kbrrdc2cqgisi78jdqxn73n3401-gcc-14.2.1.20250322-lib",
        "libgcc": "/nix/store/6hqzbvz50bm87hcj4qfn51gh7arxj8a6-gcc-14.2.1.20250322-libgcc",
        "man": "/nix/store/y0cm45kcs4rnf0y5ys9066l1rn7p3b0i-gcc-14.2.1.20250322-man",
        "out": "/nix/store/9ds850ifd4jwcccpp3v14818kk74ldf2-gcc-14.2.1.20250322"
      },
      "system": "x86_64-linux",
      "group": "toplevel",
      "priority": 5
    },
    {
      "attr_path": "libpq",
      "broken": false,
      "derivation": "/nix/store/dl9cf9x4qy8cwzxwgnwf6n0xj7daq1ig-libpq-17.5.drv",
      "description": "C application programmer's interface to PostgreSQL",
      "install_id": "libpq",
      "license": "PostgreSQL",
      "locked_url": "https://github.com/flox/nixpkgs?rev=d3d2d80a2191a73d1e86456a751b83aa13085d7d",
      "name": "libpq-17.5",
      "pname": "libpq",
      "rev": "d3d2d80a2191a73d1e86456a751b83aa13085d7d",
      "rev_count": 811203,
      "rev_date": "2025-06-05T17:19:09Z",
      "scrape_date": "2025-06-07T04:48:58.209020Z",
      "stabilities": [
        "unstable"
      ],
      "unfree": false,
      "version": "17.5",
      "outputs_to_install": [
        "out"
      ],
      "outputs": {
        "debug": "/nix/store/ivzx6ckc7w8v3xb7c2k91lkh3sldgh1k-libpq-17.5-debug",
        "dev": "/nix/store/z8qzl7lijgrak82szzad7pzclyxi2r6s-libpq-17.5-dev",
        "out": "/nix/store/g3akwaqdki85n0xcbi6ajnf95lvd77in-libpq-17.5"
      },
      "system": "aarch64-linux",
      "group": "toplevel",
      "priority": 5
    },
    {
      "attr_path": "libpq",
      "broken": false,
      "derivation": "/nix/store/r6mj81vch6pnyn8gp5qqj2xdjd87qybf-libpq-17.5.drv",
      "description": "C application programmer's interface to PostgreSQL",
      "install_id": "libpq",
      "license": "PostgreSQL",
      "locked_url": "https://github.com/flox/nixpkgs?rev=d3d2d80a2191a73d1e86456a751b83aa13085d7d",
      "name": "libpq-17.5",
      "pname": "libpq",
      "rev": "d3d2d80a2191a73d1e86456a751b83aa13085d7d",
      "rev_count": 811203,
      "rev_date": "2025-06-05T17:19:09Z",
      "scrape_date": "2025-06-07T05:31:58.662457Z",
      "stabilities": [
        "unstable"
      ],
      "unfree": false,
      "version": "17.5",
      "outputs_to_install": [
        "out"
      ],
      "outputs": {
        "debug": "/nix/store/1q2a53fmwf7hnddidvs5f0lkmmdriw6n-libpq-17.5-debug",
        "dev": "/nix/store/rzp2zvyi0g4jjmmvb7si259xcd970wmk-libpq-17.5-dev",
        "out": "/nix/store/039lh7h4fv88p1mxybhw35fz6y3y5mb3-libpq-17.5"
      },
      "system": "x86_64-linux",
      "group": "toplevel",
      "priority": 5
    },
    {
      "attr_path": "podman-compose",
      "broken": false,
      "derivation": "/nix/store/ikccb13lw5mhzjkip82macbmiywn0vxs-podman-compose-1.4.0.drv",
      "description": "Implementation of docker-compose with podman backend",
      "install_id": "podman-compose",
      "license": "GPL-2.0-only",
      "locked_url": "https://github.com/flox/nixpkgs?rev=d3d2d80a2191a73d1e86456a751b83aa13085d7d",
      "name": "podman-compose-1.4.0",
      "pname": "podman-compose",
      "rev": "d3d2d80a2191a73d1e86456a751b83aa13085d7d",
      "rev_count": 811203,
      "rev_date": "2025-06-05T17:19:09Z",
      "scrape_date": "2025-06-07T04:49:15.976764Z",
      "stabilities": [
        "unstable"
      ],
      "unfree": false,
      "version": "1.4.0",
      "outputs_to_install": [
        "out"
      ],
      "outputs": {
        "dist": "/nix/store/9v0jpcxgkycr2ias1969nrr9s23v2dr4-podman-compose-1.4.0-dist",
        "out": "/nix/store/f48w46kz38ybi23y4admx0zmg0xyznd3-podman-compose-1.4.0"
      },
      "system": "aarch64-linux",
      "group": "toplevel",
      "priority": 5
    },
    {
      "attr_path": "podman-compose",
      "broken": false,
      "derivation": "/nix/store/3brgwsrv5nwf5zmvys9qbdykcvmvrg1y-podman-compose-1.4.0.drv",
      "description": "Implementation of docker-compose with podman backend",
      "install_id": "podman-compose",
      "license": "GPL-2.0-only",
      "locked_url": "https://github.com/flox/nixpkgs?rev=d3d2d80a2191a73d1e86456a751b83aa13085d7d",
      "name": "podman-compose-1.4.0",
      "pname": "podman-compose",
      "rev": "d3d2d80a2191a73d1e86456a751b83aa13085d7d",
      "rev_count": 811203,
      "rev_date": "2025-06-05T17:19:09Z",
      "scrape_date": "2025-06-07T05:32:18.715559Z",
      "stabilities": [
        "unstable"
      ],
      "unfree": false,
      "version": "1.4.0",
      "outputs_to_install": [
        "out"
      ],
      "outputs": {
        "dist": "/nix/store/hnbqpi90jhrnmwql8qcs1wgwjys4jgil-podman-compose-1.4.0-dist",
        "out": "/nix/store/2sdnl0dkw91mx9a87f6srxh09y134nh4-podman-compose-1.4.0"
      },
      "system": "x86_64-linux",
      "group": "toplevel",
      "priority": 5
    },
    {
      "attr_path": "pre-commit",
      "broken": false,
      "derivation": "/nix/store/crzxkb2c39lxgjjzn2ymsz7asghjiqyz-pre-commit-4.0.1.drv",
      "description": "Framework for managing and maintaining multi-language pre-commit hooks",
      "install_id": "pre-commit",
      "license": "MIT",
      "locked_url": "https://github.com/flox/nixpkgs?rev=d3d2d80a2191a73d1e86456a751b83aa13085d7d",
      "name": "pre-commit-4.0.1",
      "pname": "pre-commit",
      "rev": "d3d2d80a2191a73d1e86456a751b83aa13085d7d",
      "rev_count": 811203,
      "rev_date": "2025-06-05T17:19:09Z",
      "scrape_date": "2025-06-07T04:49:16.667055Z",
      "stabilities": [
        "unstable"
      ],
      "unfree": false,
      "version": "4.0.1",
      "outputs_to_install": [
        "out"
      ],
      "outputs": {
        "dist": "/nix/store/bm8mbzrv1xgmfkn0zvz2gpd3xmnwy0q1-pre-commit-4.0.1-dist",
        "out": "/nix/store/g4c3ikai8nf8y5lad76h8rrfh8pb7swh-pre-commit-4.0.1"
      },
      "system": "aarch64-linux",
      "group": "toplevel",
      "priority": 5
    },
    {
      "attr_path": "pre-commit",
      "broken": false,
      "derivation": "/nix/store/gln6xhr3wz1868bir4kzkpsfazscsk50-pre-commit-4.0.1.drv",
      "description": "Framework for managing and maintaining multi-language pre-commit hooks",
      "install_id": "pre-commit",
      "license": "MIT",
      "locked_url": "https://github.com/flox/nixpkgs?rev=d3d2d80a2191a73d1e86456a751b83aa13085d7d",
      "name": "pre-commit-4.0.1",
      "pname": "pre-commit",
      "rev": "d3d2d80a2191a73d1e86456a751b83aa13085d7d",
      "rev_count": 811203,
      "rev_date": "2025-06-05T17:19:09Z",
      "scrape_date": "2025-06-07T05:32:19.446521Z",
      "stabilities": [
        "unstable"
      ],
      "unfree": false,
      "version": "4.0.1",
      "outputs_to_install": [
        "out"
      ],
      "outputs": {
        "dist": "/nix/store/r3sk0c7i1z1mpjlh02mnx36k42nsb4rc-pre-commit-4.0.1-dist",
        "out": "/nix/store/1grwmkj3qf897wgxycyymip87i9cvk29-pre-commit-4.0.1"
      },
      "system": "x86_64-linux",
      "group": "toplevel",
      "priority": 5
    },
    {
      "attr_path": "python3",
      "broken": false,
      "derivation": "/nix/store/255a922py8f7cs97nwazx68jiz2zl0r8-python3-3.12.10.drv",
      "description": "High-level dynamically-typed programming language",
      "install_id": "python3",
      "license": "Python-2.0",
      "locked_url": "https://github.com/flox/nixpkgs?rev=d3d2d80a2191a73d1e86456a751b83aa13085d7d",
      "name": "python3-3.12.10",
      "pname": "python3",
      "rev": "d3d2d80a2191a73d1e86456a751b83aa13085d7d",
      "rev_count": 811203,
      "rev_date": "2025-06-05T17:19:09Z",
      "scrape_date": "2025-06-07T04:49:17.270676Z",
      "stabilities": [
        "unstable"
      ],
      "unfree": false,
      "version": "3.12.10",
      "outputs_to_install": [
        "out"
      ],
      "outputs": {
        "debug": "/nix/store/p61ablwahkxdx97pwlz29b04zpncgmvg-python3-3.12.10-debug",
        "out": "/nix/store/rpf3admp58i0lwmsbv0y3dg7l7qqj4a9-python3-3.12.10"
      },
      "system": "aarch64-linux",
      "group": "toplevel",
      "priority": 5
    },
    {
      "attr_path": "python3",
      "broken": false,
      "derivation": "/nix/store/h95xflanqqarxi1j9wxmmvsh62yz8nv1-python3-3.12.10.drv",
      "description": "High-level dynamically-typed programming language",
      "install_id": "python3",
      "license": "Python-2.0",
      "locked_url": "https://github.com/flox/nixpkgs?rev=d3d2d80a2191a73d1e86456a751b83aa13085d7d",
      "name": "python3-3.12.10",
      "pname": "python3",
      "rev": "d3d2d80a2191a73d1e86456a751b83aa13085d7d",
      "rev_count": 811203,
      "rev_date": "2025-06-05T17:19:09Z",
      "scrape_date": "2025-06-07T05:32:20.093183Z",
      "stabilities": [
        "unstable"
      ],
      "unfree": false,
      "version": "3.12.10",
      "outputs_to_install": [
        "out"
      ],
      "outputs": {
        "debug": "/nix/store/fi03x2bn49bmm3h53snkdmkypilnd5n2-python3-3.12.10-debug",
        "out": "/nix/store/8w718rm43x7z73xhw9d6vh8s4snrq67h-python3-3.12.10"
      },
      "system": "x86_64-linux",
      "group": "toplevel",
      "priority": 5
    }
  ]
}